
Microsoft Visual Studio Solution File, Format Version 12.00
Project("{FAE04EC0-301F-11D3-BF4B-00C04F79EFBC}") = "CoffeMachine", "CoffeMachine.csproj", "{55AE5F2D-D783-4BAC-AE94-4535336C522A}"
EndProject
Global
	GlobalSection(SolutionConfigurationPlatforms) = preSolution
		Debug|Any CPU = Debug|Any CPU
		Release|Any CPU = Release|Any CPU
	EndGlobalSection
	GlobalSection(ProjectConfigurationPlatforms) = postSolution
		{55AE5F2D-D783-4BAC-AE94-4535336C522A}.Debug|Any CPU.ActiveCfg = Debug|Any CPU
		{55AE5F2D-D783-4BAC-AE94-4535336C522A}.Debug|Any CPU.Build.0 = Debug|Any CPU
		{55AE5F2D-D783-4BAC-AE94-4535336C522A}.Release|Any CPU.ActiveCfg = Release|Any CPU
		{55AE5F2D-D783-4BAC-AE94-4535336C522A}.Release|Any CPU.Build.0 = Release|Any CPU
	EndGlobalSection
EndGlobal
